// !$*UTF8*$!
{
	archiveVersion = 1;
	classes = {
	};
	objectVersion = 55;
	objects = {

/* Begin PBXBuildFile section */
		E4758243330C238208DEDBA8 /* Pods_JustPhotoPickerSwiftUI.framework in Frameworks */ = {isa = PBXBuildFile; fileRef = A52287CC512DFF9804EBB4C2 /* Pods_JustPhotoPickerSwiftUI.framework */; };
		FB1AE4A028B6C39E002BC574 /* JustPhotoPickerSwiftUIApp.swift in Sources */ = {isa = PBXBuildFile; fileRef = FB1AE49F28B6C39E002BC574 /* JustPhotoPickerSwiftUIApp.swift */; };
		FB1AE4A228B6C39E002BC574 /* ContentView.swift in Sources */ = {isa = PBXBuildFile; fileRef = FB1AE4A128B6C39E002BC574 /* ContentView.swift */; };
		FB1AE4A428B6C3A0002BC574 /* Assets.xcassets in Resources */ = {isa = PBXBuildFile; fileRef = FB1AE4A328B6C3A0002BC574 /* Assets.xcassets */; };
		FB1AE4A728B6C3A0002BC574 /* Preview Assets.xcassets in Resources */ = {isa = PBXBuildFile; fileRef = FB1AE4A628B6C3A0002BC574 /* Preview Assets.xcassets */; };
/* End PBXBuildFile section */

/* Begin PBXFileReference section */
		688E819F915624EDCD62546E /* Pods-JustPhotoPickerSwiftUI.debug.xcconfig */ = {isa = PBXFileReference; includeInIndex = 1; lastKnownFileType = text.xcconfig; name = "Pods-JustPhotoPickerSwiftUI.debug.xcconfig"; path = "Target Support Files/Pods-JustPhotoPickerSwiftUI/Pods-JustPhotoPickerSwiftUI.debug.xcconfig"; sourceTree = "<group>"; };
		A1A79F6C88A7D232B0746BB6 /* Pods-JustPhotoPickerSwiftUI.release.xcconfig */ = {isa = PBXFileReference; includeInIndex = 1; lastKnownFileType = text.xcconfig; name = "Pods-JustPhotoPickerSwiftUI.release.xcconfig"; path = "Target Support Files/Pods-JustPhotoPickerSwiftUI/Pods-JustPhotoPickerSwiftUI.release.xcconfig"; sourceTree = "<group>"; };
		A52287CC512DFF9804EBB4C2 /* Pods_JustPhotoPickerSwiftUI.framework */ = {isa = PBXFileReference; explicitFileType = wrapper.framework; includeInIndex = 0; path = Pods_JustPhotoPickerSwiftUI.framework; sourceTree = BUILT_PRODUCTS_DIR; };
		FB1AE49C28B6C39E002BC574 /* JustPhotoPickerSwiftUI.app */ = {isa = PBXFileReference; explicitFileType = wrapper.application; includeInIndex = 0; path = JustPhotoPickerSwiftUI.app; sourceTree = BUILT_PRODUCTS_DIR; };
		FB1AE49F28B6C39E002BC574 /* JustPhotoPickerSwiftUIApp.swift */ = {isa = PBXFileReference; lastKnownFileType = sourcecode.swift; path = JustPhotoPickerSwiftUIApp.swift; sourceTree = "<group>"; };
		FB1AE4A128B6C39E002BC574 /* ContentView.swift */ = {isa = PBXFileReference; lastKnownFileType = sourcecode.swift; path = ContentView.swift; sourceTree = "<group>"; };
		FB1AE4A328B6C3A0002BC574 /* Assets.xcassets */ = {isa = PBXFileReference; lastKnownFileType = folder.assetcatalog; path = Assets.xcassets; sourceTree = "<group>"; };
		FB1AE4A628B6C3A0002BC574 /* Preview Assets.xcassets */ = {isa = PBXFileReference; lastKnownFileType = folder.assetcatalog; path = "Preview Assets.xcassets"; sourceTree = "<group>"; };
/* End PBXFileReference section */

/* Begin PBXFrameworksBuildPhase section */
		FB1AE49928B6C39E002BC574 /* Frameworks */ = {
			isa = PBXFrameworksBuildPhase;
			buildActionMask = 2147483647;
			files = (
				E4758243330C238208DEDBA8 /* Pods_JustPhotoPickerSwiftUI.framework in Frameworks */,
			);
			runOnlyForDeploymentPostprocessing = 0;
		};
/* End PBXFrameworksBuildPhase section */

/* Begin PBXGroup section */
		589FA1F94042739BD290311B /* Pods */ = {
			isa = PBXGroup;
			children = (
				688E819F915624EDCD62546E /* Pods-JustPhotoPickerSwiftUI.debug.xcconfig */,
				A1A79F6C88A7D232B0746BB6 /* Pods-JustPhotoPickerSwiftUI.release.xcconfig */,
			);
			path = Pods;
			sourceTree = "<group>";
		};
		6F0CD4B4875FC05E67F12D55 /* Frameworks */ = {
			isa = PBXGroup;
			children = (
				A52287CC512DFF9804EBB4C2 /* Pods_JustPhotoPickerSwiftUI.framework */,
			);
			name = Frameworks;
			sourceTree = "<group>";
		};
		FB1AE49328B6C39E002BC574 = {
			isa = PBXGroup;
			children = (
				FB1AE49E28B6C39E002BC574 /* JustPhotoPickerSwiftUI */,
				FB1AE49D28B6C39E002BC574 /* Products */,
				589FA1F94042739BD290311B /* Pods */,
				6F0CD4B4875FC05E67F12D55 /* Frameworks */,
			);
			sourceTree = "<group>";
		};
		FB1AE49D28B6C39E002BC574 /* Products */ = {
			isa = PBXGroup;
			children = (
				FB1AE49C28B6C39E002BC574 /* JustPhotoPickerSwiftUI.app */,
			);
			name = Products;
			sourceTree = "<group>";
		};
		FB1AE49E28B6C39E002BC574 /* JustPhotoPickerSwiftUI */ = {
			isa = PBXGroup;
			children = (
				FB1AE49F28B6C39E002BC574 /* JustPhotoPickerSwiftUIApp.swift */,
				FB1AE4A128B6C39E002BC574 /* ContentView.swift */,
				FB1AE4A328B6C3A0002BC574 /* Assets.xcassets */,
				FB1AE4A528B6C3A0002BC574 /* Preview Content */,
			);
			path = JustPhotoPickerSwiftUI;
			sourceTree = "<group>";
		};
		FB1AE4A528B6C3A0002BC574 /* Preview Content */ = {
			isa = PBXGroup;
			children = (
				FB1AE4A628B6C3A0002BC574 /* Preview Assets.xcassets */,
			);
			path = "Preview Content";
			sourceTree = "<group>";
		};
/* End PBXGroup section */

/* Begin PBXNativeTarget section */
		FB1AE49B28B6C39E002BC574 /* JustPhotoPickerSwiftUI */ = {
			isa = PBXNativeTarget;
			buildConfigurationList = FB1AE4AA28B6C3A0002BC574 /* Build configuration list for PBXNativeTarget "JustPhotoPickerSwiftUI" */;
			buildPhases = (
				CBE256F1F879861CB3CFDD89 /* [CP] Check Pods Manifest.lock */,
				FB1AE49828B6C39E002BC574 /* Sources */,
				FB1AE49928B6C39E002BC574 /* Frameworks */,
				FB1AE49A28B6C39E002BC574 /* Resources */,
				86B71EA789783882DB1F5D7F /* [CP] Embed Pods Frameworks */,
			);
			buildRules = (
			);
			dependencies = (
			);
			name = JustPhotoPickerSwiftUI;
			productName = JustPhotoPickerSwiftUI;
			productReference = FB1AE49C28B6C39E002BC574 /* JustPhotoPickerSwiftUI.app */;
			productType = "com.apple.product-type.application";
		};
/* End PBXNativeTarget section */

/* Begin PBXProject section */
		FB1AE49428B6C39E002BC574 /* Project object */ = {
			isa = PBXProject;
			attributes = {
				BuildIndependentTargetsInParallel = 1;
				LastSwiftUpdateCheck = 1340;
				LastUpgradeCheck = 1340;
				TargetAttributes = {
					FB1AE49B28B6C39E002BC574 = {
						CreatedOnToolsVersion = 13.4.1;
					};
				};
			};
			buildConfigurationList = FB1AE49728B6C39E002BC574 /* Build configuration list for PBXProject "JustPhotoPickerSwiftUI" */;
			compatibilityVersion = "Xcode 13.0";
			developmentRegion = en;
			hasScannedForEncodings = 0;
			knownRegions = (
				en,
				Base,
			);
			mainGroup = FB1AE49328B6C39E002BC574;
			productRefGroup = FB1AE49D28B6C39E002BC574 /* Products */;
			projectDirPath = "";
			projectRoot = "";
			targets = (
				FB1AE49B28B6C39E002BC574 /* JustPhotoPickerSwiftUI */,
			);
		};
/* End PBXProject section */

/* Begin PBXResourcesBuildPhase section */
		FB1AE49A28B6C39E002BC574 /* Resources */ = {
			isa = PBXResourcesBuildPhase;
			buildActionMask = 2147483647;
			files = (
				FB1AE4A728B6C3A0002BC574 /* Preview Assets.xcassets in Resources */,
				FB1AE4A428B6C3A0002BC574 /* Assets.xcassets in Resources */,
			);
			runOnlyForDeploymentPostprocessing = 0;
		};
/* End PBXResourcesBuildPhase section */

/* Begin PBXShellScriptBuildPhase section */
		86B71EA789783882DB1F5D7F /* [CP] Embed Pods Frameworks */ = {
			isa = PBXShellScriptBuildPhase;
			buildActionMask = 2147483647;
			files = (
			);
			inputFileListPaths = (
				"${PODS_ROOT}/Target Support Files/Pods-JustPhotoPickerSwiftUI/Pods-JustPhotoPickerSwiftUI-frameworks-${CONFIGURATION}-input-files.xcfilelist",
			);
			name = "[CP] Embed Pods Frameworks";
			outputFileListPaths = (
				"${PODS_ROOT}/Target Support Files/Pods-JustPhotoPickerSwiftUI/Pods-JustPhotoPickerSwiftUI-frameworks-${CONFIGURATION}-output-files.xcfilelist",
			);
			runOnlyForDeploymentPostprocessing = 0;
			shellPath = /bin/sh;
			shellScript = "\"${PODS_ROOT}/Target Support Files/Pods-JustPhotoPickerSwiftUI/Pods-JustPhotoPickerSwiftUI-frameworks.sh\"\n";
			showEnvVarsInLog = 0;
		};
		CBE256F1F879861CB3CFDD89 /* [CP] Check Pods Manifest.lock */ = {
			isa = PBXShellScriptBuildPhase;
			buildActionMask = 2147483647;
			files = (
			);
			inputFileListPaths = (
			);
			inputPaths = (
				"${PODS_PODFILE_DIR_PATH}/Podfile.lock",
				"${PODS_ROOT}/Manifest.lock",
			);
			name = "[CP] Check Pods Manifest.lock";
			outputFileListPaths = (
			);
			outputPaths = (
				"$(DERIVED_FILE_DIR)/Pods-JustPhotoPickerSwiftUI-checkManifestLockResult.txt",
			);
			runOnlyForDeploymentPostprocessing = 0;
			shellPath = /bin/sh;
			shellScript = "diff \"${PODS_PODFILE_DIR_PATH}/Podfile.lock\" \"${PODS_ROOT}/Manifest.lock\" > /dev/null\nif [ $? != 0 ] ; then\n    # print error to STDERR\n    echo \"error: The sandbox is not in sync with the Podfile.lock. Run 'pod install' or update your CocoaPods installation.\" >&2\n    exit 1\nfi\n# This output is used by Xcode 'outputs' to avoid re-running this script phase.\necho \"SUCCESS\" > \"${SCRIPT_OUTPUT_FILE_0}\"\n";
			showEnvVarsInLog = 0;
		};
/* End PBXShellScriptBuildPhase section */

/* Begin PBXSourcesBuildPhase section */
		FB1AE49828B6C39E002BC574 /* Sources */ = {
			isa = PBXSourcesBuildPhase;
			buildActionMask = 2147483647;
			files = (
				FB1AE4A228B6C39E002BC574 /* ContentView.swift in Sources */,
				FB1AE4A028B6C39E002BC574 /* JustPhotoPickerSwiftUIApp.swift in Sources */,
			);
			runOnlyForDeploymentPostprocessing = 0;
		};
/* End PBXSourcesBuildPhase section */

/* Begin XCBuildConfiguration section */
		FB1AE4A828B6C3A0002BC574 /* Debug */ = {
			isa = XCBuildConfiguration;
			buildSettings = {
				ALWAYS_SEARCH_USER_PATHS = NO;
				CLANG_ANALYZER_NONNULL = YES;
				CLANG_ANALYZER_NUMBER_OBJECT_CONVERSION = YES_AGGRESSIVE;
				CLANG_CXX_LANGUAGE_STANDARD = "gnu++17";
				CLANG_ENABLE_MODULES = YES;
				CLANG_ENABLE_OBJC_ARC = YES;
				CLANG_ENABLE_OBJC_WEAK = YES;
				CLANG_WARN_BLOCK_CAPTURE_AUTORELEASING = YES;
				CLANG_WARN_BOOL_CONVERSION = YES;
				CLANG_WARN_COMMA = YES;
				CLANG_WARN_CONSTANT_CONVERSION = YES;
				CLANG_WARN_DEPRECATED_OBJC_IMPLEMENTATIONS = YES;
				CLANG_WARN_DIRECT_OBJC_ISA_USAGE = YES_ERROR;
				CLANG_WARN_DOCUMENTATION_COMMENTS = YES;
				CLANG_WARN_EMPTY_BODY = YES;
				CLANG_WARN_ENUM_CONVERSION = YES;
				CLANG_WARN_INFINITE_RECURSION = YES;
				CLANG_WARN_INT_CONVERSION = YES;
				CLANG_WARN_NON_LITERAL_NULL_CONVERSION = YES;
				CLANG_WARN_OBJC_IMPLICIT_RETAIN_SELF = YES;
				CLANG_WARN_OBJC_LITERAL_CONVERSION = YES;
				CLANG_WARN_OBJC_ROOT_CLASS = YES_ERROR;
				CLANG_WARN_QUOTED_INCLUDE_IN_FRAMEWORK_HEADER = YES;
				CLANG_WARN_RANGE_LOOP_ANALYSIS = YES;
				CLANG_WARN_STRICT_PROTOTYPES = YES;
				CLANG_WARN_SUSPICIOUS_MOVE = YES;
				CLANG_WARN_UNGUARDED_AVAILABILITY = YES_AGGRESSIVE;
				CLANG_WARN_UNREACHABLE_CODE = YES;
				CLANG_WARN__DUPLICATE_METHOD_MATCH = YES;
				COPY_PHASE_STRIP = NO;
				DEBUG_INFORMATION_FORMAT = dwarf;
				ENABLE_STRICT_OBJC_MSGSEND = YES;
				ENABLE_TESTABILITY = YES;
				GCC_C_LANGUAGE_STANDARD = gnu11;
				GCC_DYNAMIC_NO_PIC = NO;
				GCC_NO_COMMON_BLOCKS = YES;
				GCC_OPTIMIZATION_LEVEL = 0;
				GCC_PREPROCESSOR_DEFINITIONS = (
					"DEBUG=1",
					"$(inherited)",
				);
				GCC_WARN_64_TO_32_BIT_CONVERSION = YES;
				GCC_WARN_ABOUT_RETURN_TYPE = YES_ERROR;
				GCC_WARN_UNDECLARED_SELECTOR = YES;
				GCC_WARN_UNINITIALIZED_AUTOS = YES_AGGRESSIVE;
				GCC_WARN_UNUSED_FUNCTION = YES;
				GCC_WARN_UNUSED_VARIABLE = YES;
				IPHONEOS_DEPLOYMENT_TARGET = 14.0;
				MTL_ENABLE_DEBUG_INFO = INCLUDE_SOURCE;
				MTL_FAST_MATH = YES;
				ONLY_ACTIVE_ARCH = YES;
				SDKROOT = iphoneos;
				SWIFT_ACTIVE_COMPILATION_CONDITIONS = DEBUG;
				SWIFT_OPTIMIZATION_LEVEL = "-Onone";
			};
			name = Debug;
		};
		FB1AE4A928B6C3A0002BC574 /* Release */ = {
			isa = XCBuildConfiguration;
			buildSettings = {
				ALWAYS_SEARCH_USER_PATHS = NO;
				CLANG_ANALYZER_NONNULL = YES;
				CLANG_ANALYZER_NUMBER_OBJECT_CONVERSION = YES_AGGRESSIVE;
				CLANG_CXX_LANGUAGE_STANDARD = "gnu++17";
				CLANG_ENABLE_MODULES = YES;
				CLANG_ENABLE_OBJC_ARC = YES;
				CLANG_ENABLE_OBJC_WEAK = YES;
				CLANG_WARN_BLOCK_CAPTURE_AUTORELEASING = YES;
				CLANG_WARN_BOOL_CONVERSION = YES;
				CLANG_WARN_COMMA = YES;
				CLANG_WARN_CONSTANT_CONVERSION = YES;
				CLANG_WARN_DEPRECATED_OBJC_IMPLEMENTATIONS = YES;
				CLANG_WARN_DIRECT_OBJC_ISA_USAGE = YES_ERROR;
				CLANG_WARN_DOCUMENTATION_COMMENTS = YES;
				CLANG_WARN_EMPTY_BODY = YES;
				CLANG_WARN_ENUM_CONVERSION = YES;
				CLANG_WARN_INFINITE_RECURSION = YES;
				CLANG_WARN_INT_CONVERSION = YES;
				CLANG_WARN_NON_LITERAL_NULL_CONVERSION = YES;
				CLANG_WARN_OBJC_IMPLICIT_RETAIN_SELF = YES;
				CLANG_WARN_OBJC_LITERAL_CONVERSION = YES;
				CLANG_WARN_OBJC_ROOT_CLASS = YES_ERROR;
				CLANG_WARN_QUOTED_INCLUDE_IN_FRAMEWORK_HEADER = YES;
				CLANG_WARN_RANGE_LOOP_ANALYSIS = YES;
				CLANG_WARN_STRICT_PROTOTYPES = YES;
				CLANG_WARN_SUSPICIOUS_MOVE = YES;
				CLANG_WARN_UNGUARDED_AVAILABILITY = YES_AGGRESSIVE;
				CLANG_WARN_UNREACHABLE_CODE = YES;
				CLANG_WARN__DUPLICATE_METHOD_MATCH = YES;
				COPY_PHASE_STRIP = NO;
				DEBUG_INFORMATION_FORMAT = "dwarf-with-dsym";
				ENABLE_NS_ASSERTIONS = NO;
				ENABLE_STRICT_OBJC_MSGSEND = YES;
				GCC_C_LANGUAGE_STANDARD = gnu11;
				GCC_NO_COMMON_BLOCKS = YES;
				GCC_WARN_64_TO_32_BIT_CONVERSION = YES;
				GCC_WARN_ABOUT_RETURN_TYPE = YES_ERROR;
				GCC_WARN_UNDECLARED_SELECTOR = YES;
				GCC_WARN_UNINITIALIZED_AUTOS = YES_AGGRESSIVE;
				GCC_WARN_UNUSED_FUNCTION = YES;
				GCC_WARN_UNUSED_VARIABLE = YES;
				IPHONEOS_DEPLOYMENT_TARGET = 14.0;
				MTL_ENABLE_DEBUG_INFO = NO;
				MTL_FAST_MATH = YES;
				SDKROOT = iphoneos;
				SWIFT_COMPILATION_MODE = wholemodule;
				SWIFT_OPTIMIZATION_LEVEL = "-O";
				VALIDATE_PRODUCT = YES;
			};
			name = Release;
		};
		FB1AE4AB28B6C3A0002BC574 /* Debug */ = {
			isa = XCBuildConfiguration;
			baseConfigurationReference = 688E819F915624EDCD62546E /* Pods-JustPhotoPickerSwiftUI.debug.xcconfig */;
			buildSettings = {
				ASSETCATALOG_COMPILER_APPICON_NAME = AppIcon;
				ASSETCATALOG_COMPILER_GLOBAL_ACCENT_COLOR_NAME = AccentColor;
				CODE_SIGN_STYLE = Automatic;
				CURRENT_PROJECT_VERSION = 1;
				DEVELOPMENT_ASSET_PATHS = "\"JustPhotoPickerSwiftUI/Preview Content\"";
				ENABLE_PREVIEWS = YES;
				GENERATE_INFOPLIST_FILE = YES;
				INFOPLIST_KEY_NSPhotoLibraryUsageDescription = "";
				INFOPLIST_KEY_UIApplicationSceneManifest_Generation = YES;
				INFOPLIST_KEY_UIApplicationSupportsIndirectInputEvents = YES;
				INFOPLIST_KEY_UILaunchScreen_Generation = YES;
				INFOPLIST_KEY_UISupportedInterfaceOrientations_iPad = "UIInterfaceOrientationPortrait UIInterfaceOrientationPortraitUpsideDown UIInterfaceOrientationLandscapeLeft UIInterfaceOrientationLandscapeRight";
				INFOPLIST_KEY_UISupportedInterfaceOrientations_iPhone = "UIInterfaceOrientationPortrait UIInterfaceOrientationLandscapeLeft UIInterfaceOrientationLandscapeRight";
				LD_RUNPATH_SEARCH_PATHS = (
					"$(inherited)",
					"@executable_path/Frameworks",
				);
				MARKETING_VERSION = 1.0;
				PRODUCT_BUNDLE_IDENTIFIER = igooor.bb.JustPhotoPickerSwiftUI;
				PRODUCT_NAME = "$(TARGET_NAME)";
				SWIFT_EMIT_LOC_STRINGS = YES;
				SWIFT_VERSION = 5.0;
				TARGETED_DEVICE_FAMILY = "1,2";
			};
			name = Debug;
		};
		FB1AE4AC28B6C3A0002BC574 /* Release */ = {
			isa = XCBuildConfiguration;
			baseConfigurationReference = A1A79F6C88A7D232B0746BB6 /* Pods-JustPhotoPickerSwiftUI.release.xcconfig */;
			buildSettings = {
				ASSETCATALOG_COMPILER_APPICON_NAME = AppIcon;
				ASSETCATALOG_COMPILER_GLOBAL_ACCENT_COLOR_NAME = AccentColor;
				CODE_SIGN_STYLE = Automatic;
				CURRENT_PROJECT_VERSION = 1;
				DEVELOPMENT_ASSET_PATHS = "\"JustPhotoPickerSwiftUI/Preview Content\"";
				ENABLE_PREVIEWS = YES;
				GENERATE_INFOPLIST_FILE = YES;
				INFOPLIST_KEY_NSPhotoLibraryUsageDescription = "";
				INFOPLIST_KEY_UIApplicationSceneManifest_Generation = YES;
				INFOPLIST_KEY_UIApplicationSupportsIndirectInputEvents = YES;
				INFOPLIST_KEY_UILaunchScreen_Generation = YES;
				INFOPLIST_KEY_UISupportedInterfaceOrientations_iPad = "UIInterfaceOrientationPortrait UIInterfaceOrientationPortraitUpsideDown UIInterfaceOrientationLandscapeLeft UIInterfaceOrientationLandscapeRight";
				INFOPLIST_KEY_UISupportedInterfaceOrientations_iPhone = "UIInterfaceOrientationPortrait UIInterfaceOrientationLandscapeLeft UIInterfaceOrientationLandscapeRight";
				LD_RUNPATH_SEARCH_PATHS = (
					"$(inherited)",
					"@executable_path/Frameworks",
				);
				MARKETING_VERSION = 1.0;
				PRODUCT_BUNDLE_IDENTIFIER = igooor.bb.JustPhotoPickerSwiftUI;
				PRODUCT_NAME = "$(TARGET_NAME)";
				SWIFT_EMIT_LOC_STRINGS = YES;
				SWIFT_VERSION = 5.0;
				TARGETED_DEVICE_FAMILY = "1,2";
			};
			name = Release;
		};
/* End XCBuildConfiguration section */

/* Begin XCConfigurationList section */
		FB1AE49728B6C39E002BC574 /* Build configuration list for PBXProject "JustPhotoPickerSwiftUI" */ = {
			isa = XCConfigurationList;
			buildConfigurations = (
				FB1AE4A828B6C3A0002BC574 /* Debug */,
				FB1AE4A928B6C3A0002BC574 /* Release */,
			);
			defaultConfigurationIsVisible = 0;
			defaultConfigurationName = Release;
		};
		FB1AE4AA28B6C3A0002BC574 /* Build configuration list for PBXNativeTarget "JustPhotoPickerSwiftUI" */ = {
			isa = XCConfigurationList;
			buildConfigurations = (
				FB1AE4AB28B6C3A0002BC574 /* Debug */,
				FB1AE4AC28B6C3A0002BC574 /* Release */,
			);
			defaultConfigurationIsVisible = 0;
			defaultConfigurationName = Release;
		};
/* End XCConfigurationList section */
	};
	rootObject = FB1AE49428B6C39E002BC574 /* Project object */;
}
